
Microsoft Visual Studio Solution File, Format Version 12.00
# Visual Studio Version 17
VisualStudioVersion = 17.3.32825.248
MinimumVisualStudioVersion = 10.0.40219.1
Project("{FAE04EC0-301F-11D3-BF4B-00C04F79EFBC}") = "FlightPlanner", "FlightPlanner\FlightPlanner.csproj", "{73B5AD2F-6658-4FFE-8E57-4049A5ED0EAD}"
EndProject
Global
	GlobalSection(SolutionConfigurationPlatforms) = preSolution
		Debug|Any CPU = Debug|Any CPU
		Release|Any CPU = Release|Any CPU
	EndGlobalSection
	GlobalSection(ProjectConfigurationPlatforms) = postSolution
		{73B5AD2F-6658-4FFE-8E57-4049A5ED0EAD}.Debug|Any CPU.ActiveCfg = Debug|Any CPU
		{73B5AD2F-6658-4FFE-8E57-4049A5ED0EAD}.Debug|Any CPU.Build.0 = Debug|Any CPU
		{73B5AD2F-6658-4FFE-8E57-4049A5ED0EAD}.Release|Any CPU.ActiveCfg = Release|Any CPU
		{73B5AD2F-6658-4FFE-8E57-4049A5ED0EAD}.Release|Any CPU.Build.0 = Release|Any CPU
	EndGlobalSection
	GlobalSection(SolutionProperties) = preSolution
		HideSolutionNode = FALSE
	EndGlobalSection
	GlobalSection(ExtensibilityGlobals) = postSolution
		SolutionGuid = {E462F525-1505-4836-9D6F-2E40D942B3C9}
	EndGlobalSection
EndGlobal
